// !$*UTF8*$!
{
	archiveVersion = 1;
	classes = {
	};
	objectVersion = 50;
	objects = {

/* Begin PBXBuildFile section */
		1744434B2336483000B8DB0D /* AppDelegate.swift in Sources */ = {isa = PBXBuildFile; fileRef = 1744434A2336483000B8DB0D /* AppDelegate.swift */; };
		1744434D2336483000B8DB0D /* PresentationVC.swift in Sources */ = {isa = PBXBuildFile; fileRef = 1744434C2336483000B8DB0D /* PresentationVC.swift */; };
		174443502336483000B8DB0D /* Main.storyboard in Resources */ = {isa = PBXBuildFile; fileRef = 1744434E2336483000B8DB0D /* Main.storyboard */; };
		174443532336483000B8DB0D /* Hollywood.xcdatamodeld in Sources */ = {isa = PBXBuildFile; fileRef = 174443512336483000B8DB0D /* Hollywood.xcdatamodeld */; };
		174443552336483100B8DB0D /* Assets.xcassets in Resources */ = {isa = PBXBuildFile; fileRef = 174443542336483100B8DB0D /* Assets.xcassets */; };
		174443582336483100B8DB0D /* LaunchScreen.storyboard in Resources */ = {isa = PBXBuildFile; fileRef = 174443562336483100B8DB0D /* LaunchScreen.storyboard */; };
		174443632336483100B8DB0D /* HollywoodTests.swift in Sources */ = {isa = PBXBuildFile; fileRef = 174443622336483100B8DB0D /* HollywoodTests.swift */; };
		175DB0DC2336CBC000819957 /* HomeCollectionViewCell.swift in Sources */ = {isa = PBXBuildFile; fileRef = 175DB0DB2336CBC000819957 /* HomeCollectionViewCell.swift */; };
		177E03E723365C1400650C4E /* HomeVC.swift in Sources */ = {isa = PBXBuildFile; fileRef = 177E03E623365C1400650C4E /* HomeVC.swift */; };
		177E03E92336B67B00650C4E /* CardVC.swift in Sources */ = {isa = PBXBuildFile; fileRef = 177E03E82336B67B00650C4E /* CardVC.swift */; };
		17B2467D23365527008AED28 /* Utilities.swift in Sources */ = {isa = PBXBuildFile; fileRef = 17B2467C23365527008AED28 /* Utilities.swift */; };
		17B2467F2336565D008AED28 /* Movie.swift in Sources */ = {isa = PBXBuildFile; fileRef = 17B2467E2336565D008AED28 /* Movie.swift */; };
		17B2468123365746008AED28 /* Results.swift in Sources */ = {isa = PBXBuildFile; fileRef = 17B2468023365746008AED28 /* Results.swift */; };
		22B79C4E3CF3431857E5AC15 /* Pods_HollywoodTests.framework in Frameworks */ = {isa = PBXBuildFile; fileRef = C3F58E394A7193BE8D4EDBA1 /* Pods_HollywoodTests.framework */; };
		A8A9DFBA0315E945F3F68170 /* Pods_Hollywood.framework in Frameworks */ = {isa = PBXBuildFile; fileRef = F266FEE28C827EF50BE2388C /* Pods_Hollywood.framework */; };
/* End PBXBuildFile section */

/* Begin PBXContainerItemProxy section */
		1744435F2336483100B8DB0D /* PBXContainerItemProxy */ = {
			isa = PBXContainerItemProxy;
			containerPortal = 1744433F2336483000B8DB0D /* Project object */;
			proxyType = 1;
			remoteGlobalIDString = 174443462336483000B8DB0D;
			remoteInfo = Hollywood;
		};
/* End PBXContainerItemProxy section */

/* Begin PBXFileReference section */
		174443472336483000B8DB0D /* Hollywood.app */ = {isa = PBXFileReference; explicitFileType = wrapper.application; includeInIndex = 0; path = Hollywood.app; sourceTree = BUILT_PRODUCTS_DIR; };
		1744434A2336483000B8DB0D /* AppDelegate.swift */ = {isa = PBXFileReference; lastKnownFileType = sourcecode.swift; path = AppDelegate.swift; sourceTree = "<group>"; };
		1744434C2336483000B8DB0D /* PresentationVC.swift */ = {isa = PBXFileReference; lastKnownFileType = sourcecode.swift; path = PresentationVC.swift; sourceTree = "<group>"; };
		1744434F2336483000B8DB0D /* Base */ = {isa = PBXFileReference; lastKnownFileType = file.storyboard; name = Base; path = Base.lproj/Main.storyboard; sourceTree = "<group>"; };
		174443522336483000B8DB0D /* Hollywood.xcdatamodel */ = {isa = PBXFileReference; lastKnownFileType = wrapper.xcdatamodel; path = Hollywood.xcdatamodel; sourceTree = "<group>"; };
		174443542336483100B8DB0D /* Assets.xcassets */ = {isa = PBXFileReference; lastKnownFileType = folder.assetcatalog; path = Assets.xcassets; sourceTree = "<group>"; };
		174443572336483100B8DB0D /* Base */ = {isa = PBXFileReference; lastKnownFileType = file.storyboard; name = Base; path = Base.lproj/LaunchScreen.storyboard; sourceTree = "<group>"; };
		174443592336483100B8DB0D /* Info.plist */ = {isa = PBXFileReference; lastKnownFileType = text.plist.xml; path = Info.plist; sourceTree = "<group>"; };
		1744435E2336483100B8DB0D /* HollywoodTests.xctest */ = {isa = PBXFileReference; explicitFileType = wrapper.cfbundle; includeInIndex = 0; path = HollywoodTests.xctest; sourceTree = BUILT_PRODUCTS_DIR; };
		174443622336483100B8DB0D /* HollywoodTests.swift */ = {isa = PBXFileReference; lastKnownFileType = sourcecode.swift; path = HollywoodTests.swift; sourceTree = "<group>"; };
		174443642336483100B8DB0D /* Info.plist */ = {isa = PBXFileReference; lastKnownFileType = text.plist.xml; path = Info.plist; sourceTree = "<group>"; };
		175DB0DB2336CBC000819957 /* HomeCollectionViewCell.swift */ = {isa = PBXFileReference; lastKnownFileType = sourcecode.swift; path = HomeCollectionViewCell.swift; sourceTree = "<group>"; };
		177E03E623365C1400650C4E /* HomeVC.swift */ = {isa = PBXFileReference; lastKnownFileType = sourcecode.swift; path = HomeVC.swift; sourceTree = "<group>"; };
		177E03E82336B67B00650C4E /* CardVC.swift */ = {isa = PBXFileReference; lastKnownFileType = sourcecode.swift; path = CardVC.swift; sourceTree = "<group>"; };
		17B2467C23365527008AED28 /* Utilities.swift */ = {isa = PBXFileReference; lastKnownFileType = sourcecode.swift; path = Utilities.swift; sourceTree = "<group>"; };
		17B2467E2336565D008AED28 /* Movie.swift */ = {isa = PBXFileReference; lastKnownFileType = sourcecode.swift; path = Movie.swift; sourceTree = "<group>"; };
		17B2468023365746008AED28 /* Results.swift */ = {isa = PBXFileReference; lastKnownFileType = sourcecode.swift; path = Results.swift; sourceTree = "<group>"; };
		47AB6F14645AFD06D77187DE /* Pods-Hollywood.release.xcconfig */ = {isa = PBXFileReference; includeInIndex = 1; lastKnownFileType = text.xcconfig; name = "Pods-Hollywood.release.xcconfig"; path = "Target Support Files/Pods-Hollywood/Pods-Hollywood.release.xcconfig"; sourceTree = "<group>"; };
		C3F58E394A7193BE8D4EDBA1 /* Pods_HollywoodTests.framework */ = {isa = PBXFileReference; explicitFileType = wrapper.framework; includeInIndex = 0; path = Pods_HollywoodTests.framework; sourceTree = BUILT_PRODUCTS_DIR; };
		D0FD3491CDC480AD554CFAF9 /* Pods-HollywoodTests.debug.xcconfig */ = {isa = PBXFileReference; includeInIndex = 1; lastKnownFileType = text.xcconfig; name = "Pods-HollywoodTests.debug.xcconfig"; path = "Target Support Files/Pods-HollywoodTests/Pods-HollywoodTests.debug.xcconfig"; sourceTree = "<group>"; };
		EAD6D108AD75CD78D101A3C7 /* Pods-Hollywood.debug.xcconfig */ = {isa = PBXFileReference; includeInIndex = 1; lastKnownFileType = text.xcconfig; name = "Pods-Hollywood.debug.xcconfig"; path = "Target Support Files/Pods-Hollywood/Pods-Hollywood.debug.xcconfig"; sourceTree = "<group>"; };
		F266FEE28C827EF50BE2388C /* Pods_Hollywood.framework */ = {isa = PBXFileReference; explicitFileType = wrapper.framework; includeInIndex = 0; path = Pods_Hollywood.framework; sourceTree = BUILT_PRODUCTS_DIR; };
		F988915273A92138EFDB6FC5 /* Pods-HollywoodTests.release.xcconfig */ = {isa = PBXFileReference; includeInIndex = 1; lastKnownFileType = text.xcconfig; name = "Pods-HollywoodTests.release.xcconfig"; path = "Target Support Files/Pods-HollywoodTests/Pods-HollywoodTests.release.xcconfig"; sourceTree = "<group>"; };
/* End PBXFileReference section */

/* Begin PBXFrameworksBuildPhase section */
		174443442336483000B8DB0D /* Frameworks */ = {
			isa = PBXFrameworksBuildPhase;
			buildActionMask = 2147483647;
			files = (
				A8A9DFBA0315E945F3F68170 /* Pods_Hollywood.framework in Frameworks */,
			);
			runOnlyForDeploymentPostprocessing = 0;
		};
		1744435B2336483100B8DB0D /* Frameworks */ = {
			isa = PBXFrameworksBuildPhase;
			buildActionMask = 2147483647;
			files = (
				22B79C4E3CF3431857E5AC15 /* Pods_HollywoodTests.framework in Frameworks */,
			);
			runOnlyForDeploymentPostprocessing = 0;
		};
/* End PBXFrameworksBuildPhase section */

/* Begin PBXGroup section */
		04ABC3345D0928A7CDBD8F15 /* Pods */ = {
			isa = PBXGroup;
			children = (
				EAD6D108AD75CD78D101A3C7 /* Pods-Hollywood.debug.xcconfig */,
				47AB6F14645AFD06D77187DE /* Pods-Hollywood.release.xcconfig */,
				D0FD3491CDC480AD554CFAF9 /* Pods-HollywoodTests.debug.xcconfig */,
				F988915273A92138EFDB6FC5 /* Pods-HollywoodTests.release.xcconfig */,
			);
			path = Pods;
			sourceTree = "<group>";
		};
		1744433E2336483000B8DB0D = {
			isa = PBXGroup;
			children = (
				174443492336483000B8DB0D /* Hollywood */,
				174443612336483100B8DB0D /* HollywoodTests */,
				174443482336483000B8DB0D /* Products */,
				04ABC3345D0928A7CDBD8F15 /* Pods */,
				AAFA1476B730F84CD7B3E25D /* Frameworks */,
			);
			sourceTree = "<group>";
		};
		174443482336483000B8DB0D /* Products */ = {
			isa = PBXGroup;
			children = (
				174443472336483000B8DB0D /* Hollywood.app */,
				1744435E2336483100B8DB0D /* HollywoodTests.xctest */,
			);
			name = Products;
			sourceTree = "<group>";
		};
		174443492336483000B8DB0D /* Hollywood */ = {
			isa = PBXGroup;
			children = (
				17B2467B23364AF0008AED28 /* Utils */,
				17B2467A23364ADB008AED28 /* Model */,
				17B2467923364AD8008AED28 /* View */,
				17B2467823364AD3008AED28 /* Controller */,
				1744434A2336483000B8DB0D /* AppDelegate.swift */,
				1744434E2336483000B8DB0D /* Main.storyboard */,
				174443542336483100B8DB0D /* Assets.xcassets */,
				174443562336483100B8DB0D /* LaunchScreen.storyboard */,
				174443592336483100B8DB0D /* Info.plist */,
				174443512336483000B8DB0D /* Hollywood.xcdatamodeld */,
			);
			path = Hollywood;
			sourceTree = "<group>";
		};
		174443612336483100B8DB0D /* HollywoodTests */ = {
			isa = PBXGroup;
			children = (
				174443622336483100B8DB0D /* HollywoodTests.swift */,
				174443642336483100B8DB0D /* Info.plist */,
			);
			path = HollywoodTests;
			sourceTree = "<group>";
		};
		17B2467823364AD3008AED28 /* Controller */ = {
			isa = PBXGroup;
			children = (
				1744434C2336483000B8DB0D /* PresentationVC.swift */,
				177E03E623365C1400650C4E /* HomeVC.swift */,
				177E03E82336B67B00650C4E /* CardVC.swift */,
			);
			path = Controller;
			sourceTree = "<group>";
		};
		17B2467923364AD8008AED28 /* View */ = {
			isa = PBXGroup;
			children = (
				175DB0DB2336CBC000819957 /* HomeCollectionViewCell.swift */,
			);
			path = View;
			sourceTree = "<group>";
		};
		17B2467A23364ADB008AED28 /* Model */ = {
			isa = PBXGroup;
			children = (
				17B2467E2336565D008AED28 /* Movie.swift */,
				17B2468023365746008AED28 /* Results.swift */,
			);
			path = Model;
			sourceTree = "<group>";
		};
		17B2467B23364AF0008AED28 /* Utils */ = {
			isa = PBXGroup;
			children = (
				17B2467C23365527008AED28 /* Utilities.swift */,
			);
			path = Utils;
			sourceTree = "<group>";
		};
		AAFA1476B730F84CD7B3E25D /* Frameworks */ = {
			isa = PBXGroup;
			children = (
				F266FEE28C827EF50BE2388C /* Pods_Hollywood.framework */,
				C3F58E394A7193BE8D4EDBA1 /* Pods_HollywoodTests.framework */,
			);
			name = Frameworks;
			sourceTree = "<group>";
		};
/* End PBXGroup section */

/* Begin PBXNativeTarget section */
		174443462336483000B8DB0D /* Hollywood */ = {
			isa = PBXNativeTarget;
			buildConfigurationList = 174443672336483100B8DB0D /* Build configuration list for PBXNativeTarget "Hollywood" */;
			buildPhases = (
				6759654C620D82B021696E53 /* [CP] Check Pods Manifest.lock */,
				174443432336483000B8DB0D /* Sources */,
				174443442336483000B8DB0D /* Frameworks */,
				174443452336483000B8DB0D /* Resources */,
				99141DCC99145951B005B7FB /* [CP] Embed Pods Frameworks */,
			);
			buildRules = (
			);
			dependencies = (
			);
			name = Hollywood;
			productName = Hollywood;
			productReference = 174443472336483000B8DB0D /* Hollywood.app */;
			productType = "com.apple.product-type.application";
		};
		1744435D2336483100B8DB0D /* HollywoodTests */ = {
			isa = PBXNativeTarget;
			buildConfigurationList = 1744436A2336483100B8DB0D /* Build configuration list for PBXNativeTarget "HollywoodTests" */;
			buildPhases = (
				CA07C26F743F72D6511F2282 /* [CP] Check Pods Manifest.lock */,
				1744435A2336483100B8DB0D /* Sources */,
				1744435B2336483100B8DB0D /* Frameworks */,
				1744435C2336483100B8DB0D /* Resources */,
			);
			buildRules = (
			);
			dependencies = (
				174443602336483100B8DB0D /* PBXTargetDependency */,
			);
			name = HollywoodTests;
			productName = HollywoodTests;
			productReference = 1744435E2336483100B8DB0D /* HollywoodTests.xctest */;
			productType = "com.apple.product-type.bundle.unit-test";
		};
/* End PBXNativeTarget section */

/* Begin PBXProject section */
		1744433F2336483000B8DB0D /* Project object */ = {
			isa = PBXProject;
			attributes = {
				LastSwiftUpdateCheck = 1030;
				LastUpgradeCheck = 1030;
				ORGANIZATIONNAME = Jordan;
				TargetAttributes = {
					174443462336483000B8DB0D = {
						CreatedOnToolsVersion = 10.3;
					};
					1744435D2336483100B8DB0D = {
						CreatedOnToolsVersion = 10.3;
						TestTargetID = 174443462336483000B8DB0D;
					};
				};
			};
			buildConfigurationList = 174443422336483000B8DB0D /* Build configuration list for PBXProject "Hollywood" */;
			compatibilityVersion = "Xcode 9.3";
			developmentRegion = en;
			hasScannedForEncodings = 0;
			knownRegions = (
				en,
				Base,
			);
			mainGroup = 1744433E2336483000B8DB0D;
			productRefGroup = 174443482336483000B8DB0D /* Products */;
			projectDirPath = "";
			projectRoot = "";
			targets = (
				174443462336483000B8DB0D /* Hollywood */,
				1744435D2336483100B8DB0D /* HollywoodTests */,
			);
		};
/* End PBXProject section */

/* Begin PBXResourcesBuildPhase section */
		174443452336483000B8DB0D /* Resources */ = {
			isa = PBXResourcesBuildPhase;
			buildActionMask = 2147483647;
			files = (
				174443582336483100B8DB0D /* LaunchScreen.storyboard in Resources */,
				174443552336483100B8DB0D /* Assets.xcassets in Resources */,
				174443502336483000B8DB0D /* Main.storyboard in Resources */,
			);
			runOnlyForDeploymentPostprocessing = 0;
		};
		1744435C2336483100B8DB0D /* Resources */ = {
			isa = PBXResourcesBuildPhase;
			buildActionMask = 2147483647;
			files = (
			);
			runOnlyForDeploymentPostprocessing = 0;
		};
/* End PBXResourcesBuildPhase section */

/* Begin PBXShellScriptBuildPhase section */
		6759654C620D82B021696E53 /* [CP] Check Pods Manifest.lock */ = {
			isa = PBXShellScriptBuildPhase;
			buildActionMask = 2147483647;
			files = (
			);
			inputFileListPaths = (
			);
			inputPaths = (
				"${PODS_PODFILE_DIR_PATH}/Podfile.lock",
				"${PODS_ROOT}/Manifest.lock",
			);
			name = "[CP] Check Pods Manifest.lock";
			outputFileListPaths = (
			);
			outputPaths = (
				"$(DERIVED_FILE_DIR)/Pods-Hollywood-checkManifestLockResult.txt",
			);
			runOnlyForDeploymentPostprocessing = 0;
			shellPath = /bin/sh;
			shellScript = "diff \"${PODS_PODFILE_DIR_PATH}/Podfile.lock\" \"${PODS_ROOT}/Manifest.lock\" > /dev/null\nif [ $? != 0 ] ; then\n    # print error to STDERR\n    echo \"error: The sandbox is not in sync with the Podfile.lock. Run 'pod install' or update your CocoaPods installation.\" >&2\n    exit 1\nfi\n# This output is used by Xcode 'outputs' to avoid re-running this script phase.\necho \"SUCCESS\" > \"${SCRIPT_OUTPUT_FILE_0}\"\n";
			showEnvVarsInLog = 0;
		};
		99141DCC99145951B005B7FB /* [CP] Embed Pods Frameworks */ = {
			isa = PBXShellScriptBuildPhase;
			buildActionMask = 2147483647;
			files = (
			);
			inputFileListPaths = (
			);
			inputPaths = (
				"${PODS_ROOT}/Target Support Files/Pods-Hollywood/Pods-Hollywood-frameworks.sh",
				"${BUILT_PRODUCTS_DIR}/Alamofire/Alamofire.framework",
				"${BUILT_PRODUCTS_DIR}/Cards/Cards.framework",
				"${BUILT_PRODUCTS_DIR}/NVActivityIndicatorView/NVActivityIndicatorView.framework",
				"${BUILT_PRODUCTS_DIR}/Player/Player.framework",
				"${BUILT_PRODUCTS_DIR}/SwiftyJSON/SwiftyJSON.framework",
				"${BUILT_PRODUCTS_DIR}/TMDBSwift/TMDBSwift.framework",
			);
			name = "[CP] Embed Pods Frameworks";
			outputFileListPaths = (
			);
			outputPaths = (
				"${TARGET_BUILD_DIR}/${FRAMEWORKS_FOLDER_PATH}/Alamofire.framework",
				"${TARGET_BUILD_DIR}/${FRAMEWORKS_FOLDER_PATH}/Cards.framework",
				"${TARGET_BUILD_DIR}/${FRAMEWORKS_FOLDER_PATH}/NVActivityIndicatorView.framework",
				"${TARGET_BUILD_DIR}/${FRAMEWORKS_FOLDER_PATH}/Player.framework",
				"${TARGET_BUILD_DIR}/${FRAMEWORKS_FOLDER_PATH}/SwiftyJSON.framework",
				"${TARGET_BUILD_DIR}/${FRAMEWORKS_FOLDER_PATH}/TMDBSwift.framework",
			);
			runOnlyForDeploymentPostprocessing = 0;
			shellPath = /bin/sh;
			shellScript = "\"${PODS_ROOT}/Target Support Files/Pods-Hollywood/Pods-Hollywood-frameworks.sh\"\n";
			showEnvVarsInLog = 0;
		};
		CA07C26F743F72D6511F2282 /* [CP] Check Pods Manifest.lock */ = {
			isa = PBXShellScriptBuildPhase;
			buildActionMask = 2147483647;
			files = (
			);
			inputFileListPaths = (
			);
			inputPaths = (
				"${PODS_PODFILE_DIR_PATH}/Podfile.lock",
				"${PODS_ROOT}/Manifest.lock",
			);
			name = "[CP] Check Pods Manifest.lock";
			outputFileListPaths = (
			);
			outputPaths = (
				"$(DERIVED_FILE_DIR)/Pods-HollywoodTests-checkManifestLockResult.txt",
			);
			runOnlyForDeploymentPostprocessing = 0;
			shellPath = /bin/sh;
			shellScript = "diff \"${PODS_PODFILE_DIR_PATH}/Podfile.lock\" \"${PODS_ROOT}/Manifest.lock\" > /dev/null\nif [ $? != 0 ] ; then\n    # print error to STDERR\n    echo \"error: The sandbox is not in sync with the Podfile.lock. Run 'pod install' or update your CocoaPods installation.\" >&2\n    exit 1\nfi\n# This output is used by Xcode 'outputs' to avoid re-running this script phase.\necho \"SUCCESS\" > \"${SCRIPT_OUTPUT_FILE_0}\"\n";
			showEnvVarsInLog = 0;
		};
/* End PBXShellScriptBuildPhase section */

/* Begin PBXSourcesBuildPhase section */
		174443432336483000B8DB0D /* Sources */ = {
			isa = PBXSourcesBuildPhase;
			buildActionMask = 2147483647;
			files = (
				17B2468123365746008AED28 /* Results.swift in Sources */,
				177E03E723365C1400650C4E /* HomeVC.swift in Sources */,
				177E03E92336B67B00650C4E /* CardVC.swift in Sources */,
				174443532336483000B8DB0D /* Hollywood.xcdatamodeld in Sources */,
				1744434D2336483000B8DB0D /* PresentationVC.swift in Sources */,
				175DB0DC2336CBC000819957 /* HomeCollectionViewCell.swift in Sources */,
				17B2467D23365527008AED28 /* Utilities.swift in Sources */,
				1744434B2336483000B8DB0D /* AppDelegate.swift in Sources */,
				17B2467F2336565D008AED28 /* Movie.swift in Sources */,
			);
			runOnlyForDeploymentPostprocessing = 0;
		};
		1744435A2336483100B8DB0D /* Sources */ = {
			isa = PBXSourcesBuildPhase;
			buildActionMask = 2147483647;
			files = (
				174443632336483100B8DB0D /* HollywoodTests.swift in Sources */,
			);
			runOnlyForDeploymentPostprocessing = 0;
		};
/* End PBXSourcesBuildPhase section */

/* Begin PBXTargetDependency section */
		174443602336483100B8DB0D /* PBXTargetDependency */ = {
			isa = PBXTargetDependency;
			target = 174443462336483000B8DB0D /* Hollywood */;
			targetProxy = 1744435F2336483100B8DB0D /* PBXContainerItemProxy */;
		};
/* End PBXTargetDependency section */

/* Begin PBXVariantGroup section */
		1744434E2336483000B8DB0D /* Main.storyboard */ = {
			isa = PBXVariantGroup;
			children = (
				1744434F2336483000B8DB0D /* Base */,
			);
			name = Main.storyboard;
			sourceTree = "<group>";
		};
		174443562336483100B8DB0D /* LaunchScreen.storyboard */ = {
			isa = PBXVariantGroup;
			children = (
				174443572336483100B8DB0D /* Base */,
			);
			name = LaunchScreen.storyboard;
			sourceTree = "<group>";
		};
/* End PBXVariantGroup section */

/* Begin XCBuildConfiguration section */
		174443652336483100B8DB0D /* Debug */ = {
			isa = XCBuildConfiguration;
			buildSettings = {
				ALWAYS_SEARCH_USER_PATHS = NO;
				CLANG_ANALYZER_NONNULL = YES;
				CLANG_ANALYZER_NUMBER_OBJECT_CONVERSION = YES_AGGRESSIVE;
				CLANG_CXX_LANGUAGE_STANDARD = "gnu++14";
				CLANG_CXX_LIBRARY = "libc++";
				CLANG_ENABLE_MODULES = YES;
				CLANG_ENABLE_OBJC_ARC = YES;
				CLANG_ENABLE_OBJC_WEAK = YES;
				CLANG_WARN_BLOCK_CAPTURE_AUTORELEASING = YES;
				CLANG_WARN_BOOL_CONVERSION = YES;
				CLANG_WARN_COMMA = YES;
				CLANG_WARN_CONSTANT_CONVERSION = YES;
				CLANG_WARN_DEPRECATED_OBJC_IMPLEMENTATIONS = YES;
				CLANG_WARN_DIRECT_OBJC_ISA_USAGE = YES_ERROR;
				CLANG_WARN_DOCUMENTATION_COMMENTS = YES;
				CLANG_WARN_EMPTY_BODY = YES;
				CLANG_WARN_ENUM_CONVERSION = YES;
				CLANG_WARN_INFINITE_RECURSION = YES;
				CLANG_WARN_INT_CONVERSION = YES;
				CLANG_WARN_NON_LITERAL_NULL_CONVERSION = YES;
				CLANG_WARN_OBJC_IMPLICIT_RETAIN_SELF = YES;
				CLANG_WARN_OBJC_LITERAL_CONVERSION = YES;
				CLANG_WARN_OBJC_ROOT_CLASS = YES_ERROR;
				CLANG_WARN_RANGE_LOOP_ANALYSIS = YES;
				CLANG_WARN_STRICT_PROTOTYPES = YES;
				CLANG_WARN_SUSPICIOUS_MOVE = YES;
				CLANG_WARN_UNGUARDED_AVAILABILITY = YES_AGGRESSIVE;
				CLANG_WARN_UNREACHABLE_CODE = YES;
				CLANG_WARN__DUPLICATE_METHOD_MATCH = YES;
				CODE_SIGN_IDENTITY = "iPhone Developer";
				COPY_PHASE_STRIP = NO;
				DEBUG_INFORMATION_FORMAT = dwarf;
				ENABLE_STRICT_OBJC_MSGSEND = YES;
				ENABLE_TESTABILITY = YES;
				GCC_C_LANGUAGE_STANDARD = gnu11;
				GCC_DYNAMIC_NO_PIC = NO;
				GCC_NO_COMMON_BLOCKS = YES;
				GCC_OPTIMIZATION_LEVEL = 0;
				GCC_PREPROCESSOR_DEFINITIONS = (
					"DEBUG=1",
					"$(inherited)",
				);
				GCC_WARN_64_TO_32_BIT_CONVERSION = YES;
				GCC_WARN_ABOUT_RETURN_TYPE = YES_ERROR;
				GCC_WARN_UNDECLARED_SELECTOR = YES;
				GCC_WARN_UNINITIALIZED_AUTOS = YES_AGGRESSIVE;
				GCC_WARN_UNUSED_FUNCTION = YES;
				GCC_WARN_UNUSED_VARIABLE = YES;
				IPHONEOS_DEPLOYMENT_TARGET = 12.4;
				MTL_ENABLE_DEBUG_INFO = INCLUDE_SOURCE;
				MTL_FAST_MATH = YES;
				ONLY_ACTIVE_ARCH = YES;
				SDKROOT = iphoneos;
				SWIFT_ACTIVE_COMPILATION_CONDITIONS = DEBUG;
				SWIFT_OPTIMIZATION_LEVEL = "-Onone";
			};
			name = Debug;
		};
		174443662336483100B8DB0D /* Release */ = {
			isa = XCBuildConfiguration;
			buildSettings = {
				ALWAYS_SEARCH_USER_PATHS = NO;
				CLANG_ANALYZER_NONNULL = YES;
				CLANG_ANALYZER_NUMBER_OBJECT_CONVERSION = YES_AGGRESSIVE;
				CLANG_CXX_LANGUAGE_STANDARD = "gnu++14";
				CLANG_CXX_LIBRARY = "libc++";
				CLANG_ENABLE_MODULES = YES;
				CLANG_ENABLE_OBJC_ARC = YES;
				CLANG_ENABLE_OBJC_WEAK = YES;
				CLANG_WARN_BLOCK_CAPTURE_AUTORELEASING = YES;
				CLANG_WARN_BOOL_CONVERSION = YES;
				CLANG_WARN_COMMA = YES;
				CLANG_WARN_CONSTANT_CONVERSION = YES;
				CLANG_WARN_DEPRECATED_OBJC_IMPLEMENTATIONS = YES;
				CLANG_WARN_DIRECT_OBJC_ISA_USAGE = YES_ERROR;
				CLANG_WARN_DOCUMENTATION_COMMENTS = YES;
				CLANG_WARN_EMPTY_BODY = YES;
				CLANG_WARN_ENUM_CONVERSION = YES;
				CLANG_WARN_INFINITE_RECURSION = YES;
				CLANG_WARN_INT_CONVERSION = YES;
				CLANG_WARN_NON_LITERAL_NULL_CONVERSION = YES;
				CLANG_WARN_OBJC_IMPLICIT_RETAIN_SELF = YES;
				CLANG_WARN_OBJC_LITERAL_CONVERSION = YES;
				CLANG_WARN_OBJC_ROOT_CLASS = YES_ERROR;
				CLANG_WARN_RANGE_LOOP_ANALYSIS = YES;
				CLANG_WARN_STRICT_PROTOTYPES = YES;
				CLANG_WARN_SUSPICIOUS_MOVE = YES;
				CLANG_WARN_UNGUARDED_AVAILABILITY = YES_AGGRESSIVE;
				CLANG_WARN_UNREACHABLE_CODE = YES;
				CLANG_WARN__DUPLICATE_METHOD_MATCH = YES;
				CODE_SIGN_IDENTITY = "iPhone Developer";
				COPY_PHASE_STRIP = NO;
				DEBUG_INFORMATION_FORMAT = "dwarf-with-dsym";
				ENABLE_NS_ASSERTIONS = NO;
				ENABLE_STRICT_OBJC_MSGSEND = YES;
				GCC_C_LANGUAGE_STANDARD = gnu11;
				GCC_NO_COMMON_BLOCKS = YES;
				GCC_WARN_64_TO_32_BIT_CONVERSION = YES;
				GCC_WARN_ABOUT_RETURN_TYPE = YES_ERROR;
				GCC_WARN_UNDECLARED_SELECTOR = YES;
				GCC_WARN_UNINITIALIZED_AUTOS = YES_AGGRESSIVE;
				GCC_WARN_UNUSED_FUNCTION = YES;
				GCC_WARN_UNUSED_VARIABLE = YES;
				IPHONEOS_DEPLOYMENT_TARGET = 12.4;
				MTL_ENABLE_DEBUG_INFO = NO;
				MTL_FAST_MATH = YES;
				SDKROOT = iphoneos;
				SWIFT_COMPILATION_MODE = wholemodule;
				SWIFT_OPTIMIZATION_LEVEL = "-O";
				VALIDATE_PRODUCT = YES;
			};
			name = Release;
		};
		174443682336483100B8DB0D /* Debug */ = {
			isa = XCBuildConfiguration;
			baseConfigurationReference = EAD6D108AD75CD78D101A3C7 /* Pods-Hollywood.debug.xcconfig */;
			buildSettings = {
				ASSETCATALOG_COMPILER_APPICON_NAME = AppIcon;
				CODE_SIGN_STYLE = Automatic;
				INFOPLIST_FILE = Hollywood/Info.plist;
				LD_RUNPATH_SEARCH_PATHS = (
					"$(inherited)",
					"@executable_path/Frameworks",
				);
				PRODUCT_BUNDLE_IDENTIFIER = Nadroj27.Hollywood;
				PRODUCT_NAME = "$(TARGET_NAME)";
				SWIFT_VERSION = 5.0;
				TARGETED_DEVICE_FAMILY = "1,2";
			};
			name = Debug;
		};
		174443692336483100B8DB0D /* Release */ = {
			isa = XCBuildConfiguration;
			baseConfigurationReference = 47AB6F14645AFD06D77187DE /* Pods-Hollywood.release.xcconfig */;
			buildSettings = {
				ASSETCATALOG_COMPILER_APPICON_NAME = AppIcon;
				CODE_SIGN_STYLE = Automatic;
				INFOPLIST_FILE = Hollywood/Info.plist;
				LD_RUNPATH_SEARCH_PATHS = (
					"$(inherited)",
					"@executable_path/Frameworks",
				);
				PRODUCT_BUNDLE_IDENTIFIER = Nadroj27.Hollywood;
				PRODUCT_NAME = "$(TARGET_NAME)";
				SWIFT_VERSION = 5.0;
				TARGETED_DEVICE_FAMILY = "1,2";
			};
			name = Release;
		};
		1744436B2336483100B8DB0D /* Debug */ = {
			isa = XCBuildConfiguration;
			baseConfigurationReference = D0FD3491CDC480AD554CFAF9 /* Pods-HollywoodTests.debug.xcconfig */;
			buildSettings = {
				ALWAYS_EMBED_SWIFT_STANDARD_LIBRARIES = YES;
				BUNDLE_LOADER = "$(TEST_HOST)";
				CODE_SIGN_STYLE = Automatic;
				INFOPLIST_FILE = HollywoodTests/Info.plist;
				LD_RUNPATH_SEARCH_PATHS = (
					"$(inherited)",
					"@executable_path/Frameworks",
					"@loader_path/Frameworks",
				);
				PRODUCT_BUNDLE_IDENTIFIER = Nadroj27.HollywoodTests;
				PRODUCT_NAME = "$(TARGET_NAME)";
				SWIFT_VERSION = 5.0;
				TARGETED_DEVICE_FAMILY = "1,2";
				TEST_HOST = "$(BUILT_PRODUCTS_DIR)/Hollywood.app/Hollywood";
			};
			name = Debug;
		};
		1744436C2336483100B8DB0D /* Release */ = {
			isa = XCBuildConfiguration;
			baseConfigurationReference = F988915273A92138EFDB6FC5 /* Pods-HollywoodTests.release.xcconfig */;
			buildSettings = {
				ALWAYS_EMBED_SWIFT_STANDARD_LIBRARIES = YES;
				BUNDLE_LOADER = "$(TEST_HOST)";
				CODE_SIGN_STYLE = Automatic;
				INFOPLIST_FILE = HollywoodTests/Info.plist;
				LD_RUNPATH_SEARCH_PATHS = (
					"$(inherited)",
					"@executable_path/Frameworks",
					"@loader_path/Frameworks",
				);
				PRODUCT_BUNDLE_IDENTIFIER = Nadroj27.HollywoodTests;
				PRODUCT_NAME = "$(TARGET_NAME)";
				SWIFT_VERSION = 5.0;
				TARGETED_DEVICE_FAMILY = "1,2";
				TEST_HOST = "$(BUILT_PRODUCTS_DIR)/Hollywood.app/Hollywood";
			};
			name = Release;
		};
/* End XCBuildConfiguration section */

/* Begin XCConfigurationList section */
		174443422336483000B8DB0D /* Build configuration list for PBXProject "Hollywood" */ = {
			isa = XCConfigurationList;
			buildConfigurations = (
				174443652336483100B8DB0D /* Debug */,
				174443662336483100B8DB0D /* Release */,
			);
			defaultConfigurationIsVisible = 0;
			defaultConfigurationName = Release;
		};
		174443672336483100B8DB0D /* Build configuration list for PBXNativeTarget "Hollywood" */ = {
			isa = XCConfigurationList;
			buildConfigurations = (
				174443682336483100B8DB0D /* Debug */,
				174443692336483100B8DB0D /* Release */,
			);
			defaultConfigurationIsVisible = 0;
			defaultConfigurationName = Release;
		};
		1744436A2336483100B8DB0D /* Build configuration list for PBXNativeTarget "HollywoodTests" */ = {
			isa = XCConfigurationList;
			buildConfigurations = (
				1744436B2336483100B8DB0D /* Debug */,
				1744436C2336483100B8DB0D /* Release */,
			);
			defaultConfigurationIsVisible = 0;
			defaultConfigurationName = Release;
		};
/* End XCConfigurationList section */

/* Begin XCVersionGroup section */
		174443512336483000B8DB0D /* Hollywood.xcdatamodeld */ = {
			isa = XCVersionGroup;
			children = (
				174443522336483000B8DB0D /* Hollywood.xcdatamodel */,
			);
			currentVersion = 174443522336483000B8DB0D /* Hollywood.xcdatamodel */;
			path = Hollywood.xcdatamodeld;
			sourceTree = "<group>";
			versionGroupType = wrapper.xcdatamodel;
		};
/* End XCVersionGroup section */
	};
	rootObject = 1744433F2336483000B8DB0D /* Project object */;
}
